# This file is automatically @generated by Cargo.
# It is not intended for manual editing.
version = 3

[[package]]
name = "lambert-bate"
version = "0.1.0"
dependencies = [
 "roots",
]

[[package]]
name = "roots"
version = "0.0.7"
source = "registry+https://github.com/rust-lang/crates.io-index"
checksum = "1c36d2bbc763f480668d6d6790ae2fdd2e52ac0c21a3a26d156f3534a3d9eea9"
